
Microsoft Visual Studio Solution File, Format Version 12.00
# Visual Studio Version 17
VisualStudioVersion = 17.7.34003.232
MinimumVisualStudioVersion = 10.0.40219.1
Project("{FAE04EC0-301F-11D3-BF4B-00C04F79EFBC}") = "ToDoList", "ToDoList\ToDoList.csproj", "{31F43770-61BE-4B75-840F-3FC32EB54963}"
EndProject
Global
	GlobalSection(SolutionConfigurationPlatforms) = preSolution
		Debug|Any CPU = Debug|Any CPU
		Release|Any CPU = Release|Any CPU
	EndGlobalSection
	GlobalSection(ProjectConfigurationPlatforms) = postSolution
		{31F43770-61BE-4B75-840F-3FC32EB54963}.Debug|Any CPU.ActiveCfg = Debug|Any CPU
		{31F43770-61BE-4B75-840F-3FC32EB54963}.Debug|Any CPU.Build.0 = Debug|Any CPU
		{31F43770-61BE-4B75-840F-3FC32EB54963}.Release|Any CPU.ActiveCfg = Release|Any CPU
		{31F43770-61BE-4B75-840F-3FC32EB54963}.Release|Any CPU.Build.0 = Release|Any CPU
	EndGlobalSection
	GlobalSection(SolutionProperties) = preSolution
		HideSolutionNode = FALSE
	EndGlobalSection
	GlobalSection(ExtensibilityGlobals) = postSolution
		SolutionGuid = {38569EBD-5099-4D9A-B64E-4017FCF33E37}
	EndGlobalSection
EndGlobal
